PODS:
  - flutter_webrtc (0.12.6):
    - FlutterMacOS
    - WebRTC-SDK (= 125.6422.06)
  - FlutterMacOS (1.0.0)
  - HaishinKit (1.8.3):
    - Logboard (~> 2.5.0)
  - Logboard (2.5.0)
  - WebRTC-SDK (125.6422.06)

DEPENDENCIES:
  - flutter_webrtc (from `Flutter/ephemeral/.symlinks/plugins/flutter_webrtc/macos`)
  - FlutterMacOS (from `Flutter/ephemeral`)
  - HaishinKit (~> 1.8.0)

SPEC REPOS:
  trunk:
    - HaishinKit
    - Logboard
    - WebRTC-SDK

EXTERNAL SOURCES:
  flutter_webrtc:
    :path: Flutter/ephemeral/.symlinks/plugins/flutter_webrtc/macos
  FlutterMacOS:
    :path: Flutter/ephemeral

SPEC CHECKSUMS:
  flutter_webrtc: 377dbcebdde6fed0fc40de87bcaaa2bffcec9a88
  FlutterMacOS: d0db08ddef1a9af05a5ec4b724367152bb0500b1
  HaishinKit: 9ecae992938861cb33e58edb3cb1f63c28c821f4
  Logboard: 4674a3d86681539a0ad1fca528d888b90871e268
  WebRTC-SDK: 79942c006ea64f6fb48d7da8a4786dfc820bc1db

PODFILE CHECKSUM: 18c768d086e4feee8eaa2a8cb63329806b631b91

COCOAPODS: 1.16.2
